{
  "name": "napi-rs-client",
  "version": "1.0.0",
  "lockfileVersion": 3,
  "requires": true,
  "packages": {
    "": {
      "name": "napi-rs-client",
      "version": "1.0.0",
      "license": "ISC",
      "dependencies": {
        "lib-napi-add": "^1.1.1"
      }
    },
    "node_modules/@emnapi/core": {
      "version": "1.4.3",
      "resolved": "https://registry.npmjs.org/@emnapi/core/-/core-1.4.3.tgz",
      "integrity": "sha512-4m62DuCE07lw01soJwPiBGC0nAww0Q+RY70VZ+n49yDIO13yyinhbWCeNnaob0lakDtWQzSdtNWzJeOJt2ma+g==",
      "license": "MIT",
      "optional": true,
      "dependencies": {
        "@emnapi/wasi-threads": "1.0.2",
        "tslib": "^2.4.0"
      }
    },
    "node_modules/@emnapi/runtime": {
      "version": "1.4.3",
      "resolved": "https://registry.npmjs.org/@emnapi/runtime/-/runtime-1.4.3.tgz",
      "integrity": "sha512-pBPWdu6MLKROBX05wSNKcNb++m5Er+KQ9QkB+WVM+pW2Kx9hoSrVTnu3BdkI5eBLZoKu/J6mW/B6i6bJB2ytXQ==",
      "license": "MIT",
      "optional": true,
      "dependencies": {
        "tslib": "^2.4.0"
      }
    },
    "node_modules/@emnapi/wasi-threads": {
      "version": "1.0.2",
      "resolved": "https://registry.npmjs.org/@emnapi/wasi-threads/-/wasi-threads-1.0.2.tgz",
      "integrity": "sha512-5n3nTJblwRi8LlXkJ9eBzu+kZR8Yxcc7ubakyQTFzPMtIhFpUBRbsnc2Dv88IZDIbCDlBiWrknhB4Lsz7mg6BA==",
      "license": "MIT",
      "optional": true,
      "dependencies": {
        "tslib": "^2.4.0"
      }
    },
    "node_modules/@napi-rs/wasm-runtime": {
      "version": "0.2.11",
      "resolved": "https://registry.npmjs.org/@napi-rs/wasm-runtime/-/wasm-runtime-0.2.11.tgz",
      "integrity": "sha512-9DPkXtvHydrcOsopiYpUgPHpmj0HWZKMUnL2dZqpvC42lsratuBG06V5ipyno0fUek5VlFsNQ+AcFATSrJXgMA==",
      "license": "MIT",
      "optional": true,
      "dependencies": {
        "@emnapi/core": "^1.4.3",
        "@emnapi/runtime": "^1.4.3",
        "@tybys/wasm-util": "^0.9.0"
      }
    },
    "node_modules/@tybys/wasm-util": {
      "version": "0.9.0",
      "resolved": "https://registry.npmjs.org/@tybys/wasm-util/-/wasm-util-0.9.0.tgz",
      "integrity": "sha512-6+7nlbMVX/PVDCwaIQ8nTOPveOcFLSt8GcXdx8hD0bt39uWxYT88uXzqTd4fTvqta7oeUJqudepapKNt2DYJFw==",
      "license": "MIT",
      "optional": true,
      "dependencies": {
        "tslib": "^2.4.0"
      }
    },
    "node_modules/lib-napi-add": {
      "version": "1.1.1",
      "resolved": "https://registry.npmjs.org/lib-napi-add/-/lib-napi-add-1.1.1.tgz",
      "integrity": "sha512-QhL2jg2GWosBeAkmgneXkpWdY7ZmPkqjohqykHaYCCqfNIQZNgndB5ufZXOQ15obrVnyQlrGAwRSz0qRbG3ZHA==",
      "license": "MIT",
      "engines": {
        "node": ">= 10"
      },
      "optionalDependencies": {
        "lib-napi-add-android-arm-eabi": "1.1.1",
        "lib-napi-add-android-arm64": "1.1.1",
        "lib-napi-add-darwin-arm64": "1.1.1",
        "lib-napi-add-darwin-x64": "1.1.1",
        "lib-napi-add-freebsd-x64": "1.1.1",
        "lib-napi-add-linux-arm-gnueabihf": "1.1.1",
        "lib-napi-add-linux-arm64-gnu": "1.1.1",
        "lib-napi-add-linux-arm64-musl": "1.1.1",
        "lib-napi-add-linux-x64-gnu": "1.1.1",
        "lib-napi-add-linux-x64-musl": "1.1.1",
        "lib-napi-add-wasm32-wasi": "1.1.1",
        "lib-napi-add-win32-arm64-msvc": "1.1.1",
        "lib-napi-add-win32-ia32-msvc": "1.1.1",
        "lib-napi-add-win32-x64-msvc": "1.1.1"
      }
    },
    "node_modules/lib-napi-add-android-arm-eabi": {
      "version": "1.1.1",
      "resolved": "https://registry.npmjs.org/lib-napi-add-android-arm-eabi/-/lib-napi-add-android-arm-eabi-1.1.1.tgz",
      "integrity": "sha512-BvZ5T7q2cYnrkxmQDsrqpMfdNBO24LDVilTVOrEaOIpV44eM9I356LPm2qOejvEYP5lGrq6skoa0z79Of1zX0A==",
      "cpu": [
        "arm"
      ],
      "license": "MIT",
      "optional": true,
      "os": [
        "android"
      ],
      "engines": {
        "node": ">= 10"
      }
    },
    "node_modules/lib-napi-add-android-arm64": {
      "version": "1.1.1",
      "resolved": "https://registry.npmjs.org/lib-napi-add-android-arm64/-/lib-napi-add-android-arm64-1.1.1.tgz",
      "integrity": "sha512-jsLit//mVKUoabK4FgtkBc2ewAPL8xQt4SA60QVZKu17wmodDdJLKImHwh6WnVsmDpR1VqvLvobr1ddpHeUMbg==",
      "cpu": [
        "arm64"
      ],
      "license": "MIT",
      "optional": true,
      "os": [
        "android"
      ],
      "engines": {
        "node": ">= 10"
      }
    },
    "node_modules/lib-napi-add-darwin-arm64": {
      "version": "1.1.1",
      "resolved": "https://registry.npmjs.org/lib-napi-add-darwin-arm64/-/lib-napi-add-darwin-arm64-1.1.1.tgz",
      "integrity": "sha512-2R8VUPiS8YJmYJajNDXqhBa23EEccBvPSF2Mw/psTMLnK2mXbrFOfnD6oCGzy1iM7G65pWFrHW6sL2gr+VhpjQ==",
      "cpu": [
        "arm64"
      ],
      "license": "MIT",
      "optional": true,
      "os": [
        "darwin"
      ],
      "engines": {
        "node": ">= 10"
      }
    },
    "node_modules/lib-napi-add-darwin-x64": {
      "version": "1.1.1",
      "resolved": "https://registry.npmjs.org/lib-napi-add-darwin-x64/-/lib-napi-add-darwin-x64-1.1.1.tgz",
      "integrity": "sha512-JeTT+uWilmWl+kbjLHE+4M40X+DQs2ce8mTmricBT5ecWuyxcHkEWdFy/ks76RCgbhQo2P6b4rv/4K0VnhwaEQ==",
      "cpu": [
        "x64"
      ],
      "license": "MIT",
      "optional": true,
      "os": [
        "darwin"
      ],
      "engines": {
        "node": ">= 10"
      }
    },
    "node_modules/lib-napi-add-freebsd-x64": {
      "version": "1.1.1",
      "resolved": "https://registry.npmjs.org/lib-napi-add-freebsd-x64/-/lib-napi-add-freebsd-x64-1.1.1.tgz",
      "integrity": "sha512-K8sQxdzLYbUc4I7QwBxL8ed5Ydy05wvORbc9picEH+0ZGJB+U5q6aS1vL+bRkYRwv1NSXvOngrrj0952EB1nJg==",
      "cpu": [
        "x64"
      ],
      "license": "MIT",
      "optional": true,
      "os": [
        "freebsd"
      ],
      "engines": {
        "node": ">= 10"
      }
    },
    "node_modules/lib-napi-add-linux-arm-gnueabihf": {
      "version": "1.1.1",
      "resolved": "https://registry.npmjs.org/lib-napi-add-linux-arm-gnueabihf/-/lib-napi-add-linux-arm-gnueabihf-1.1.1.tgz",
      "integrity": "sha512-38IIGV8Svru0AksMABkEXKkHyVyPe0KhhCK15a4MKS1aLrKls7XluyM0uEvhR/v7PvFkZuVPjM04AF8mHcS3Ig==",
      "cpu": [
        "arm"
      ],
      "license": "MIT",
      "optional": true,
      "os": [
        "linux"
      ],
      "engines": {
        "node": ">= 10"
      }
    },
    "node_modules/lib-napi-add-linux-arm64-gnu": {
      "version": "1.1.1",
      "resolved": "https://registry.npmjs.org/lib-napi-add-linux-arm64-gnu/-/lib-napi-add-linux-arm64-gnu-1.1.1.tgz",
      "integrity": "sha512-xzUDNMn6kNbqp/eg3J51127prGOq2IrTDsUhppBmJih1ehtOzd74PLNdWisajnXr93MXvRIhiVsShaYlzrQinQ==",
      "cpu": [
        "arm64"
      ],
      "license": "MIT",
      "optional": true,
      "os": [
        "linux"
      ],
      "engines": {
        "node": ">= 10"
      }
    },
    "node_modules/lib-napi-add-linux-arm64-musl": {
      "version": "1.1.1",
      "resolved": "https://registry.npmjs.org/lib-napi-add-linux-arm64-musl/-/lib-napi-add-linux-arm64-musl-1.1.1.tgz",
      "integrity": "sha512-OIsi9dpO/kXdi8XYRarWjEzMGJLyJx7gsRrEq1U5V3m9VyEImMoOOreDg7gBlUpjRXHyxN+Jlb0yTOQ6pUGLFg==",
      "cpu": [
        "arm64"
      ],
      "license": "MIT",
      "optional": true,
      "os": [
        "linux"
      ],
      "engines": {
        "node": ">= 10"
      }
    },
    "node_modules/lib-napi-add-linux-x64-gnu": {
      "version": "1.1.1",
      "resolved": "https://registry.npmjs.org/lib-napi-add-linux-x64-gnu/-/lib-napi-add-linux-x64-gnu-1.1.1.tgz",
      "integrity": "sha512-cVnvL2TtyiYbiHnuSo69B+Eg7qE2XT6EcZrUxA913kBhMgvWZPrWYaaVJpOxlkF8X8bw2TETKgWx5NnrzxY9CQ==",
      "cpu": [
        "x64"
      ],
      "license": "MIT",
      "optional": true,
      "os": [
        "linux"
      ],
      "engines": {
        "node": ">= 10"
      }
    },
    "node_modules/lib-napi-add-linux-x64-musl": {
      "version": "1.1.1",
      "resolved": "https://registry.npmjs.org/lib-napi-add-linux-x64-musl/-/lib-napi-add-linux-x64-musl-1.1.1.tgz",
      "integrity": "sha512-8/6buUdN6rC4Cc7zd0Pz0GM+KHDpnYZJ0tPp1CZBeoPLiUNb/m1SGTFXeosM2awuceHuz2Az47CrjGLTImNXfA==",
      "cpu": [
        "x64"
      ],
      "license": "MIT",
      "optional": true,
      "os": [
        "linux"
      ],
      "engines": {
        "node": ">= 10"
      }
    },
    "node_modules/lib-napi-add-wasm32-wasi": {
      "version": "1.1.1",
      "resolved": "https://registry.npmjs.org/lib-napi-add-wasm32-wasi/-/lib-napi-add-wasm32-wasi-1.1.1.tgz",
      "integrity": "sha512-VYW/YrKLliFwx6RDhzlIZk4/Gzi6EzNs6vsw02cYjqvK7+CXVUlM0Eng6axatgd8/JVv1upjcUd9u527SY/W5Q==",
      "cpu": [
        "wasm32"
      ],
      "license": "MIT",
      "optional": true,
      "dependencies": {
        "@napi-rs/wasm-runtime": "^0.2.11"
      },
      "engines": {
        "node": ">=14.0.0"
      }
    },
    "node_modules/lib-napi-add-win32-arm64-msvc": {
      "version": "1.1.1",
      "resolved": "https://registry.npmjs.org/lib-napi-add-win32-arm64-msvc/-/lib-napi-add-win32-arm64-msvc-1.1.1.tgz",
      "integrity": "sha512-y2c/iWZ6qOnYLaCLo84vcH9Wn9cWT8ZUfPP86d9RTsjlyuA3r0sgtP1Guj8keSzrEhGIlebLPrEe/yMIHohxzg==",
      "cpu": [
        "arm64"
      ],
      "license": "MIT",
      "optional": true,
      "os": [
        "win32"
      ],
      "engines": {
        "node": ">= 10"
      }
    },
    "node_modules/lib-napi-add-win32-ia32-msvc": {
      "version": "1.1.1",
      "resolved": "https://registry.npmjs.org/lib-napi-add-win32-ia32-msvc/-/lib-napi-add-win32-ia32-msvc-1.1.1.tgz",
      "integrity": "sha512-DEYVCXtwceGia/FftC1+R9HRlFXrXHMW3gv+beUjmjQJzTSiHMY1CFXK/J4GogWMCoa2mVOGur6HGvxX5faevA==",
      "cpu": [
        "ia32"
      ],
      "license": "MIT",
      "optional": true,
      "os": [
        "win32"
      ],
      "engines": {
        "node": ">= 10"
      }
    },
    "node_modules/lib-napi-add-win32-x64-msvc": {
      "version": "1.1.1",
      "resolved": "https://registry.npmjs.org/lib-napi-add-win32-x64-msvc/-/lib-napi-add-win32-x64-msvc-1.1.1.tgz",
      "integrity": "sha512-pfSRACwe0j0M6Dd3j2MmRK4M/O11wVeemBxuYbl3/ZkOlOqHuf1+erxjHQewSFBdWJUCKNKwVme50vUsjjsp/A==",
      "cpu": [
        "x64"
      ],
      "license": "MIT",
      "optional": true,
      "os": [
        "win32"
      ],
      "engines": {
        "node": ">= 10"
      }
    },
    "node_modules/tslib": {
      "version": "2.8.1",
      "resolved": "https://registry.npmjs.org/tslib/-/tslib-2.8.1.tgz",
      "integrity": "sha512-oJFu94HQb+KVduSUQL7wnpmqnfmLsOA/nAh6b6EH0wCEoK0/mPeXU6c3wKDV83MkOuHPRHtSXKKU99IBazS/2w==",
      "license": "0BSD",
      "optional": true
    }
  }
}
